
Microsoft Visual Studio Solution File, Format Version 12.00
# Visual Studio Version 17
VisualStudioVersion = 17.0.32112.339
MinimumVisualStudioVersion = 10.0.40219.1
Project("{FAE04EC0-301F-11D3-BF4B-00C04F79EFBC}") = "gato", "gato\gato.csproj", "{2FF547C0-F303-4B1F-B89B-45A47221BFB8}"
EndProject
Global
	GlobalSection(SolutionConfigurationPlatforms) = preSolution
		Debug|Any CPU = Debug|Any CPU
		Release|Any CPU = Release|Any CPU
	EndGlobalSection
	GlobalSection(ProjectConfigurationPlatforms) = postSolution
		{2FF547C0-F303-4B1F-B89B-45A47221BFB8}.Debug|Any CPU.ActiveCfg = Debug|Any CPU
		{2FF547C0-F303-4B1F-B89B-45A47221BFB8}.Debug|Any CPU.Build.0 = Debug|Any CPU
		{2FF547C0-F303-4B1F-B89B-45A47221BFB8}.Release|Any CPU.ActiveCfg = Release|Any CPU
		{2FF547C0-F303-4B1F-B89B-45A47221BFB8}.Release|Any CPU.Build.0 = Release|Any CPU
	EndGlobalSection
	GlobalSection(SolutionProperties) = preSolution
		HideSolutionNode = FALSE
	EndGlobalSection
	GlobalSection(ExtensibilityGlobals) = postSolution
		SolutionGuid = {97B93BA7-4A44-44F3-93C1-AA33841486E7}
	EndGlobalSection
EndGlobal
